{
  "pins" : [
    {
      "identity" : "xctest-dynamic-overlay",
      "kind" : "remoteSourceControl",
      "location" : "https://github.com/braze-inc/xctest-dynamic-overlay",
      "state" : {
        "branch" : "braze",
        "revision" : "d80622ac662324272ed12e1dc3650eb322e997b2"
      }
    }
  ],
  "version" : 2
}
