{
  "pins" : [
    {
      "identity" : "xctest-dynamic-overlay",
      "kind" : "remoteSourceControl",
      "location" : "https://github.com/braze-inc/xctest-dynamic-overlay",
      "state" : {
        "branch" : "braze",
        "revision" : "51d581d391a23fe5f14aca3c329fa214914e8692"
      }
    }
  ],
  "version" : 2
}
